
Microsoft Visual Studio Solution File, Format Version 12.00
# Visual Studio 15
VisualStudioVersion = 15.0.28307.168
MinimumVisualStudioVersion = 10.0.40219.1
Project("{FAE04EC0-301F-11D3-BF4B-00C04F79EFBC}") = "Console", "Console\Console.csproj", "{96E468F2-793B-408B-A3CB-67B2F3255A14}"
EndProject
Project("{FAE04EC0-301F-11D3-BF4B-00C04F79EFBC}") = "IntegrationSolution.Excel", "IntegrationSolution.Excel\IntegrationSolution.Excel.csproj", "{CA90B115-9C20-4ECB-8A52-14B2826F07A6}"
EndProject
Project("{FAE04EC0-301F-11D3-BF4B-00C04F79EFBC}") = "IntegrationSolution.Entities", "IntegrationSolution.Entities\IntegrationSolution.Entities.csproj", "{A26A525E-0BBC-43FE-A9D5-07553DA077AB}"
EndProject
Project("{FAE04EC0-301F-11D3-BF4B-00C04F79EFBC}") = "IntegrationSolution.Tests", "IntegrationSolution.Tests\IntegrationSolution.Tests.csproj", "{1F524319-258F-48E8-ADFB-ADA2B7FF6167}"
EndProject
Project("{FAE04EC0-301F-11D3-BF4B-00C04F79EFBC}") = "IntegrationSolution.Common", "IntegrationSolution.Common\IntegrationSolution.Common.csproj", "{B4F847FE-667C-4189-92AE-9CCCAF77E341}"
EndProject
Project("{2150E333-8FDC-42A3-9474-1A3956D46DE8}") = "Integration.GUI", "Integration.GUI", "{CF6A8420-B51C-4E46-8F4A-A27C5C0687DE}"
EndProject
Project("{FAE04EC0-301F-11D3-BF4B-00C04F79EFBC}") = "IntegrationSolution.ShellGUI", "IntegrationSolution.ShellGUI\IntegrationSolution.ShellGUI.csproj", "{7C5CE5F4-A32B-408A-992D-1F446ABBCE61}"
EndProject
Project("{FAE04EC0-301F-11D3-BF4B-00C04F79EFBC}") = "Integration.Resources", "Integration.Resources\Integration.Resources.csproj", "{DFA26885-87B2-457A-BA04-AE4222649462}"
EndProject
Project("{FAE04EC0-301F-11D3-BF4B-00C04F79EFBC}") = "Integration.Infrastructure", "Integration.Infrastructure\Integration.Infrastructure.csproj", "{6A424B96-E8CD-4BB1-A611-7BC16EDAF826}"
EndProject
Project("{2150E333-8FDC-42A3-9474-1A3956D46DE8}") = "Integration.Controls", "Integration.Controls", "{90F64D71-383D-41BB-BC28-1AF5F633D36B}"
EndProject
Project("{FAE04EC0-301F-11D3-BF4B-00C04F79EFBC}") = "IPAddressUserControl", "IPAddressUserControl\IPAddressUserControl.csproj", "{3773960C-C7F7-43C3-8C1C-C8595528BB7D}"
EndProject
Project("{FAE04EC0-301F-11D3-BF4B-00C04F79EFBC}") = "WizardProgressBarLibrary", "WizzardControl\WizardProgressBarLibrary.csproj", "{C1633BDB-6A45-4ED1-BB3D-3B7E58E55FBB}"
EndProject
Project("{FAE04EC0-301F-11D3-BF4B-00C04F79EFBC}") = "Integration.ModuleGUI", "Integration.ModuleGUI\Integration.ModuleGUI.csproj", "{6418561A-B51D-400C-A78E-589B8B887803}"
EndProject
Project("{FAE04EC0-301F-11D3-BF4B-00C04F79EFBC}") = "ProgressRing", "ProgressRing\ProgressRing.csproj", "{5B3F58B4-E66B-47AF-B4D2-20AA8D0F73FC}"
EndProject
Project("{FAE04EC0-301F-11D3-BF4B-00C04F79EFBC}") = "IntegrationSolution.Dialogs", "IntegrationSolution.Dialogs\IntegrationSolution.Dialogs.csproj", "{73924EE8-8F52-40D2-B7A2-E49C76642E66}"
EndProject
Project("{FAE04EC0-301F-11D3-BF4B-00C04F79EFBC}") = "DialogConstruction", "DialogConstruction\DialogConstruction.csproj", "{417D2DE2-22D4-4B0D-8CA2-984202507C67}"
EndProject
Project("{2150E333-8FDC-42A3-9474-1A3956D46DE8}") = "Wialon", "Wialon", "{E19AB630-E62F-49F4-8B2A-19CD0400580E}"
EndProject
Project("{FAE04EC0-301F-11D3-BF4B-00C04F79EFBC}") = "WialonBase", "WialonBase\WialonBase.csproj", "{8019A8FB-BE45-4773-9D8B-19315197C451}"
EndProject
Project("{FAE04EC0-301F-11D3-BF4B-00C04F79EFBC}") = "Integration.Flyouts", "Integration.Flyouts\Integration.Flyouts.csproj", "{578407B1-5223-4045-A366-6AD810464327}"
EndProject
Project("{FAE04EC0-301F-11D3-BF4B-00C04F79EFBC}") = "Integration.PartialViews", "Integration.PartialViews\Integration.PartialViews.csproj", "{F29F3713-47CD-4283-8E86-6396A1B6C4B3}"
EndProject
Project("{FAE04EC0-301F-11D3-BF4B-00C04F79EFBC}") = "NotificationConstructor", "NotificationConstructor\NotificationConstructor.csproj", "{E91C928C-E71D-478A-A1A9-55C3E1E5A533}"
EndProject
Global
	GlobalSection(SolutionConfigurationPlatforms) = preSolution
		Debug|Any CPU = Debug|Any CPU
		Release|Any CPU = Release|Any CPU
	EndGlobalSection
	GlobalSection(ProjectConfigurationPlatforms) = postSolution
		{96E468F2-793B-408B-A3CB-67B2F3255A14}.Debug|Any CPU.ActiveCfg = Debug|Any CPU
		{96E468F2-793B-408B-A3CB-67B2F3255A14}.Debug|Any CPU.Build.0 = Debug|Any CPU
		{96E468F2-793B-408B-A3CB-67B2F3255A14}.Release|Any CPU.ActiveCfg = Release|Any CPU
		{96E468F2-793B-408B-A3CB-67B2F3255A14}.Release|Any CPU.Build.0 = Release|Any CPU
		{CA90B115-9C20-4ECB-8A52-14B2826F07A6}.Debug|Any CPU.ActiveCfg = Debug|Any CPU
		{CA90B115-9C20-4ECB-8A52-14B2826F07A6}.Debug|Any CPU.Build.0 = Debug|Any CPU
		{CA90B115-9C20-4ECB-8A52-14B2826F07A6}.Release|Any CPU.ActiveCfg = Release|Any CPU
		{CA90B115-9C20-4ECB-8A52-14B2826F07A6}.Release|Any CPU.Build.0 = Release|Any CPU
		{A26A525E-0BBC-43FE-A9D5-07553DA077AB}.Debug|Any CPU.ActiveCfg = Debug|Any CPU
		{A26A525E-0BBC-43FE-A9D5-07553DA077AB}.Debug|Any CPU.Build.0 = Debug|Any CPU
		{A26A525E-0BBC-43FE-A9D5-07553DA077AB}.Release|Any CPU.ActiveCfg = Release|Any CPU
		{A26A525E-0BBC-43FE-A9D5-07553DA077AB}.Release|Any CPU.Build.0 = Release|Any CPU
		{1F524319-258F-48E8-ADFB-ADA2B7FF6167}.Debug|Any CPU.ActiveCfg = Debug|Any CPU
		{1F524319-258F-48E8-ADFB-ADA2B7FF6167}.Debug|Any CPU.Build.0 = Debug|Any CPU
		{1F524319-258F-48E8-ADFB-ADA2B7FF6167}.Release|Any CPU.ActiveCfg = Release|Any CPU
		{1F524319-258F-48E8-ADFB-ADA2B7FF6167}.Release|Any CPU.Build.0 = Release|Any CPU
		{B4F847FE-667C-4189-92AE-9CCCAF77E341}.Debug|Any CPU.ActiveCfg = Debug|Any CPU
		{B4F847FE-667C-4189-92AE-9CCCAF77E341}.Debug|Any CPU.Build.0 = Debug|Any CPU
		{B4F847FE-667C-4189-92AE-9CCCAF77E341}.Release|Any CPU.ActiveCfg = Release|Any CPU
		{B4F847FE-667C-4189-92AE-9CCCAF77E341}.Release|Any CPU.Build.0 = Release|Any CPU
		{7C5CE5F4-A32B-408A-992D-1F446ABBCE61}.Debug|Any CPU.ActiveCfg = Debug|Any CPU
		{7C5CE5F4-A32B-408A-992D-1F446ABBCE61}.Debug|Any CPU.Build.0 = Debug|Any CPU
		{7C5CE5F4-A32B-408A-992D-1F446ABBCE61}.Release|Any CPU.ActiveCfg = Release|Any CPU
		{7C5CE5F4-A32B-408A-992D-1F446ABBCE61}.Release|Any CPU.Build.0 = Release|Any CPU
		{DFA26885-87B2-457A-BA04-AE4222649462}.Debug|Any CPU.ActiveCfg = Debug|Any CPU
		{DFA26885-87B2-457A-BA04-AE4222649462}.Debug|Any CPU.Build.0 = Debug|Any CPU
		{DFA26885-87B2-457A-BA04-AE4222649462}.Release|Any CPU.ActiveCfg = Release|Any CPU
		{DFA26885-87B2-457A-BA04-AE4222649462}.Release|Any CPU.Build.0 = Release|Any CPU
		{6A424B96-E8CD-4BB1-A611-7BC16EDAF826}.Debug|Any CPU.ActiveCfg = Debug|Any CPU
		{6A424B96-E8CD-4BB1-A611-7BC16EDAF826}.Debug|Any CPU.Build.0 = Debug|Any CPU
		{6A424B96-E8CD-4BB1-A611-7BC16EDAF826}.Release|Any CPU.ActiveCfg = Release|Any CPU
		{6A424B96-E8CD-4BB1-A611-7BC16EDAF826}.Release|Any CPU.Build.0 = Release|Any CPU
		{3773960C-C7F7-43C3-8C1C-C8595528BB7D}.Debug|Any CPU.ActiveCfg = Debug|Any CPU
		{3773960C-C7F7-43C3-8C1C-C8595528BB7D}.Debug|Any CPU.Build.0 = Debug|Any CPU
		{3773960C-C7F7-43C3-8C1C-C8595528BB7D}.Release|Any CPU.ActiveCfg = Release|Any CPU
		{3773960C-C7F7-43C3-8C1C-C8595528BB7D}.Release|Any CPU.Build.0 = Release|Any CPU
		{C1633BDB-6A45-4ED1-BB3D-3B7E58E55FBB}.Debug|Any CPU.ActiveCfg = Debug|Any CPU
		{C1633BDB-6A45-4ED1-BB3D-3B7E58E55FBB}.Debug|Any CPU.Build.0 = Debug|Any CPU
		{C1633BDB-6A45-4ED1-BB3D-3B7E58E55FBB}.Release|Any CPU.ActiveCfg = Release|Any CPU
		{C1633BDB-6A45-4ED1-BB3D-3B7E58E55FBB}.Release|Any CPU.Build.0 = Release|Any CPU
		{6418561A-B51D-400C-A78E-589B8B887803}.Debug|Any CPU.ActiveCfg = Debug|Any CPU
		{6418561A-B51D-400C-A78E-589B8B887803}.Debug|Any CPU.Build.0 = Debug|Any CPU
		{6418561A-B51D-400C-A78E-589B8B887803}.Release|Any CPU.ActiveCfg = Release|Any CPU
		{6418561A-B51D-400C-A78E-589B8B887803}.Release|Any CPU.Build.0 = Release|Any CPU
		{5B3F58B4-E66B-47AF-B4D2-20AA8D0F73FC}.Debug|Any CPU.ActiveCfg = Debug|Any CPU
		{5B3F58B4-E66B-47AF-B4D2-20AA8D0F73FC}.Debug|Any CPU.Build.0 = Debug|Any CPU
		{5B3F58B4-E66B-47AF-B4D2-20AA8D0F73FC}.Release|Any CPU.ActiveCfg = Release|Any CPU
		{5B3F58B4-E66B-47AF-B4D2-20AA8D0F73FC}.Release|Any CPU.Build.0 = Release|Any CPU
		{73924EE8-8F52-40D2-B7A2-E49C76642E66}.Debug|Any CPU.ActiveCfg = Debug|Any CPU
		{73924EE8-8F52-40D2-B7A2-E49C76642E66}.Debug|Any CPU.Build.0 = Debug|Any CPU
		{73924EE8-8F52-40D2-B7A2-E49C76642E66}.Release|Any CPU.ActiveCfg = Release|Any CPU
		{73924EE8-8F52-40D2-B7A2-E49C76642E66}.Release|Any CPU.Build.0 = Release|Any CPU
		{417D2DE2-22D4-4B0D-8CA2-984202507C67}.Debug|Any CPU.ActiveCfg = Debug|Any CPU
		{417D2DE2-22D4-4B0D-8CA2-984202507C67}.Debug|Any CPU.Build.0 = Debug|Any CPU
		{417D2DE2-22D4-4B0D-8CA2-984202507C67}.Release|Any CPU.ActiveCfg = Release|Any CPU
		{417D2DE2-22D4-4B0D-8CA2-984202507C67}.Release|Any CPU.Build.0 = Release|Any CPU
		{8019A8FB-BE45-4773-9D8B-19315197C451}.Debug|Any CPU.ActiveCfg = Debug|Any CPU
		{8019A8FB-BE45-4773-9D8B-19315197C451}.Debug|Any CPU.Build.0 = Debug|Any CPU
		{8019A8FB-BE45-4773-9D8B-19315197C451}.Release|Any CPU.ActiveCfg = Release|Any CPU
		{8019A8FB-BE45-4773-9D8B-19315197C451}.Release|Any CPU.Build.0 = Release|Any CPU
		{578407B1-5223-4045-A366-6AD810464327}.Debug|Any CPU.ActiveCfg = Debug|Any CPU
		{578407B1-5223-4045-A366-6AD810464327}.Debug|Any CPU.Build.0 = Debug|Any CPU
		{578407B1-5223-4045-A366-6AD810464327}.Release|Any CPU.ActiveCfg = Release|Any CPU
		{578407B1-5223-4045-A366-6AD810464327}.Release|Any CPU.Build.0 = Release|Any CPU
		{F29F3713-47CD-4283-8E86-6396A1B6C4B3}.Debug|Any CPU.ActiveCfg = Debug|Any CPU
		{F29F3713-47CD-4283-8E86-6396A1B6C4B3}.Debug|Any CPU.Build.0 = Debug|Any CPU
		{F29F3713-47CD-4283-8E86-6396A1B6C4B3}.Release|Any CPU.ActiveCfg = Release|Any CPU
		{F29F3713-47CD-4283-8E86-6396A1B6C4B3}.Release|Any CPU.Build.0 = Release|Any CPU
		{E91C928C-E71D-478A-A1A9-55C3E1E5A533}.Debug|Any CPU.ActiveCfg = Debug|Any CPU
		{E91C928C-E71D-478A-A1A9-55C3E1E5A533}.Debug|Any CPU.Build.0 = Debug|Any CPU
		{E91C928C-E71D-478A-A1A9-55C3E1E5A533}.Release|Any CPU.ActiveCfg = Release|Any CPU
		{E91C928C-E71D-478A-A1A9-55C3E1E5A533}.Release|Any CPU.Build.0 = Release|Any CPU
	EndGlobalSection
	GlobalSection(SolutionProperties) = preSolution
		HideSolutionNode = FALSE
	EndGlobalSection
	GlobalSection(NestedProjects) = preSolution
		{7C5CE5F4-A32B-408A-992D-1F446ABBCE61} = {CF6A8420-B51C-4E46-8F4A-A27C5C0687DE}
		{DFA26885-87B2-457A-BA04-AE4222649462} = {CF6A8420-B51C-4E46-8F4A-A27C5C0687DE}
		{6A424B96-E8CD-4BB1-A611-7BC16EDAF826} = {CF6A8420-B51C-4E46-8F4A-A27C5C0687DE}
		{3773960C-C7F7-43C3-8C1C-C8595528BB7D} = {90F64D71-383D-41BB-BC28-1AF5F633D36B}
		{C1633BDB-6A45-4ED1-BB3D-3B7E58E55FBB} = {90F64D71-383D-41BB-BC28-1AF5F633D36B}
		{6418561A-B51D-400C-A78E-589B8B887803} = {CF6A8420-B51C-4E46-8F4A-A27C5C0687DE}
		{5B3F58B4-E66B-47AF-B4D2-20AA8D0F73FC} = {90F64D71-383D-41BB-BC28-1AF5F633D36B}
		{417D2DE2-22D4-4B0D-8CA2-984202507C67} = {90F64D71-383D-41BB-BC28-1AF5F633D36B}
		{8019A8FB-BE45-4773-9D8B-19315197C451} = {E19AB630-E62F-49F4-8B2A-19CD0400580E}
		{578407B1-5223-4045-A366-6AD810464327} = {CF6A8420-B51C-4E46-8F4A-A27C5C0687DE}
		{F29F3713-47CD-4283-8E86-6396A1B6C4B3} = {CF6A8420-B51C-4E46-8F4A-A27C5C0687DE}
		{E91C928C-E71D-478A-A1A9-55C3E1E5A533} = {90F64D71-383D-41BB-BC28-1AF5F633D36B}
	EndGlobalSection
	GlobalSection(ExtensibilityGlobals) = postSolution
		SolutionGuid = {3350814B-D996-4A23-87E6-AC6AA3DEF67D}
	EndGlobalSection
EndGlobal
